
Microsoft Visual Studio Solution File, Format Version 12.00
# Visual Studio Version 16
VisualStudioVersion = 16.0.29319.158
MinimumVisualStudioVersion = 10.0.40219.1
Project("{9A19103F-16F7-4668-BE54-9A1E7A4F7556}") = "Ui", "src\Ui\Ui.csproj", "{C27A9617-DE20-4D9E-AD6A-944C5D1453D9}"
EndProject
Project("{2150E333-8FDC-42A3-9474-1A3956D46DE8}") = "src", "src", "{079E178F-204B-41CB-8C59-D3D12181EEC5}"
EndProject
Project("{2150E333-8FDC-42A3-9474-1A3956D46DE8}") = "tests", "tests", "{FC56EDFD-4661-4922-9220-51CC7FD6AF42}"
EndProject
Project("{2150E333-8FDC-42A3-9474-1A3956D46DE8}") = "Core", "Core", "{63B6610B-8930-4E45-B151-9A314CE72A90}"
EndProject
Project("{2150E333-8FDC-42A3-9474-1A3956D46DE8}") = "Infrastructure", "Infrastructure", "{A933BAA4-EEAA-4724-BEC4-89304C0E10DA}"
EndProject
Project("{2150E333-8FDC-42A3-9474-1A3956D46DE8}") = "Presentation", "Presentation", "{5FE205A3-2CE9-43F5-868C-5F9BF2BA8246}"
EndProject
Project("{9A19103F-16F7-4668-BE54-9A1E7A4F7556}") = "Api", "src\Api\Api.csproj", "{E6B1305F-94CA-4F27-B260-8863D648B8E2}"
EndProject
Project("{9A19103F-16F7-4668-BE54-9A1E7A4F7556}") = "Application", "src\Application\Application.csproj", "{D1D5B386-9AE9-46D6-A571-7762A06EC343}"
EndProject
Project("{9A19103F-16F7-4668-BE54-9A1E7A4F7556}") = "Domain", "src\Domain\Domain.csproj", "{9E838743-FCE1-4C8B-844F-7680185EC9C8}"
EndProject
Project("{9A19103F-16F7-4668-BE54-9A1E7A4F7556}") = "Common", "src\Common\Common.csproj", "{C143D0A4-ED6B-42C4-821C-489C3BED4FA4}"
EndProject
Project("{9A19103F-16F7-4668-BE54-9A1E7A4F7556}") = "Infrastructure", "src\Infrastructure\Infrastructure.csproj", "{B7300964-FA1B-4C18-AB1A-BEF189B34559}"
EndProject
Project("{9A19103F-16F7-4668-BE54-9A1E7A4F7556}") = "Persistence", "src\Persistence\Persistence.csproj", "{49779DAC-E40C-44DC-A12F-FA364C26D18B}"
EndProject
Global
	GlobalSection(SolutionConfigurationPlatforms) = preSolution
		Debug|Any CPU = Debug|Any CPU
		Release|Any CPU = Release|Any CPU
	EndGlobalSection
	GlobalSection(ProjectConfigurationPlatforms) = postSolution
		{C27A9617-DE20-4D9E-AD6A-944C5D1453D9}.Debug|Any CPU.ActiveCfg = Debug|Any CPU
		{C27A9617-DE20-4D9E-AD6A-944C5D1453D9}.Debug|Any CPU.Build.0 = Debug|Any CPU
		{C27A9617-DE20-4D9E-AD6A-944C5D1453D9}.Release|Any CPU.ActiveCfg = Release|Any CPU
		{C27A9617-DE20-4D9E-AD6A-944C5D1453D9}.Release|Any CPU.Build.0 = Release|Any CPU
		{E6B1305F-94CA-4F27-B260-8863D648B8E2}.Debug|Any CPU.ActiveCfg = Debug|Any CPU
		{E6B1305F-94CA-4F27-B260-8863D648B8E2}.Debug|Any CPU.Build.0 = Debug|Any CPU
		{E6B1305F-94CA-4F27-B260-8863D648B8E2}.Release|Any CPU.ActiveCfg = Release|Any CPU
		{E6B1305F-94CA-4F27-B260-8863D648B8E2}.Release|Any CPU.Build.0 = Release|Any CPU
		{D1D5B386-9AE9-46D6-A571-7762A06EC343}.Debug|Any CPU.ActiveCfg = Debug|Any CPU
		{D1D5B386-9AE9-46D6-A571-7762A06EC343}.Debug|Any CPU.Build.0 = Debug|Any CPU
		{D1D5B386-9AE9-46D6-A571-7762A06EC343}.Release|Any CPU.ActiveCfg = Release|Any CPU
		{D1D5B386-9AE9-46D6-A571-7762A06EC343}.Release|Any CPU.Build.0 = Release|Any CPU
		{9E838743-FCE1-4C8B-844F-7680185EC9C8}.Debug|Any CPU.ActiveCfg = Debug|Any CPU
		{9E838743-FCE1-4C8B-844F-7680185EC9C8}.Debug|Any CPU.Build.0 = Debug|Any CPU
		{9E838743-FCE1-4C8B-844F-7680185EC9C8}.Release|Any CPU.ActiveCfg = Release|Any CPU
		{9E838743-FCE1-4C8B-844F-7680185EC9C8}.Release|Any CPU.Build.0 = Release|Any CPU
		{C143D0A4-ED6B-42C4-821C-489C3BED4FA4}.Debug|Any CPU.ActiveCfg = Debug|Any CPU
		{C143D0A4-ED6B-42C4-821C-489C3BED4FA4}.Debug|Any CPU.Build.0 = Debug|Any CPU
		{C143D0A4-ED6B-42C4-821C-489C3BED4FA4}.Release|Any CPU.ActiveCfg = Release|Any CPU
		{C143D0A4-ED6B-42C4-821C-489C3BED4FA4}.Release|Any CPU.Build.0 = Release|Any CPU
		{B7300964-FA1B-4C18-AB1A-BEF189B34559}.Debug|Any CPU.ActiveCfg = Debug|Any CPU
		{B7300964-FA1B-4C18-AB1A-BEF189B34559}.Debug|Any CPU.Build.0 = Debug|Any CPU
		{B7300964-FA1B-4C18-AB1A-BEF189B34559}.Release|Any CPU.ActiveCfg = Release|Any CPU
		{B7300964-FA1B-4C18-AB1A-BEF189B34559}.Release|Any CPU.Build.0 = Release|Any CPU
		{49779DAC-E40C-44DC-A12F-FA364C26D18B}.Debug|Any CPU.ActiveCfg = Debug|Any CPU
		{49779DAC-E40C-44DC-A12F-FA364C26D18B}.Debug|Any CPU.Build.0 = Debug|Any CPU
		{49779DAC-E40C-44DC-A12F-FA364C26D18B}.Release|Any CPU.ActiveCfg = Release|Any CPU
		{49779DAC-E40C-44DC-A12F-FA364C26D18B}.Release|Any CPU.Build.0 = Release|Any CPU
	EndGlobalSection
	GlobalSection(SolutionProperties) = preSolution
		HideSolutionNode = FALSE
	EndGlobalSection
	GlobalSection(NestedProjects) = preSolution
		{C27A9617-DE20-4D9E-AD6A-944C5D1453D9} = {5FE205A3-2CE9-43F5-868C-5F9BF2BA8246}
		{63B6610B-8930-4E45-B151-9A314CE72A90} = {079E178F-204B-41CB-8C59-D3D12181EEC5}
		{A933BAA4-EEAA-4724-BEC4-89304C0E10DA} = {079E178F-204B-41CB-8C59-D3D12181EEC5}
		{5FE205A3-2CE9-43F5-868C-5F9BF2BA8246} = {079E178F-204B-41CB-8C59-D3D12181EEC5}
		{E6B1305F-94CA-4F27-B260-8863D648B8E2} = {5FE205A3-2CE9-43F5-868C-5F9BF2BA8246}
		{D1D5B386-9AE9-46D6-A571-7762A06EC343} = {63B6610B-8930-4E45-B151-9A314CE72A90}
		{9E838743-FCE1-4C8B-844F-7680185EC9C8} = {63B6610B-8930-4E45-B151-9A314CE72A90}
		{C143D0A4-ED6B-42C4-821C-489C3BED4FA4} = {63B6610B-8930-4E45-B151-9A314CE72A90}
		{B7300964-FA1B-4C18-AB1A-BEF189B34559} = {A933BAA4-EEAA-4724-BEC4-89304C0E10DA}
		{49779DAC-E40C-44DC-A12F-FA364C26D18B} = {A933BAA4-EEAA-4724-BEC4-89304C0E10DA}
	EndGlobalSection
	GlobalSection(ExtensibilityGlobals) = postSolution
		SolutionGuid = {3CB609D9-5D54-4C11-A371-DAAC8B74E430}
	EndGlobalSection
EndGlobal
